
Microsoft Visual Studio Solution File, Format Version 12.00
# Visual Studio Version 16
VisualStudioVersion = 16.0.30011.22
MinimumVisualStudioVersion = 10.0.40219.1
Project("{FAE04EC0-301F-11D3-BF4B-00C04F79EFBC}") = "EventHub - sender", "EventHub - sender\EventHub - sender.csproj", "{2839F926-53DB-44AB-A0C5-5932DAE757C2}"
EndProject
Global
	GlobalSection(SolutionConfigurationPlatforms) = preSolution
		Debug|Any CPU = Debug|Any CPU
		Release|Any CPU = Release|Any CPU
	EndGlobalSection
	GlobalSection(ProjectConfigurationPlatforms) = postSolution
		{2839F926-53DB-44AB-A0C5-5932DAE757C2}.Debug|Any CPU.ActiveCfg = Debug|Any CPU
		{2839F926-53DB-44AB-A0C5-5932DAE757C2}.Debug|Any CPU.Build.0 = Debug|Any CPU
		{2839F926-53DB-44AB-A0C5-5932DAE757C2}.Release|Any CPU.ActiveCfg = Release|Any CPU
		{2839F926-53DB-44AB-A0C5-5932DAE757C2}.Release|Any CPU.Build.0 = Release|Any CPU
	EndGlobalSection
	GlobalSection(SolutionProperties) = preSolution
		HideSolutionNode = FALSE
	EndGlobalSection
	GlobalSection(ExtensibilityGlobals) = postSolution
		SolutionGuid = {1843585F-377B-467D-B445-D1D7AFBF0F06}
	EndGlobalSection
EndGlobal
